{
  "name": "ix-angular-elements",
  "version": "0.0.1",
  "lockfileVersion": 1,
  "requires": true,
  "dependencies": {
    "@clr/angular": {
      "version": "2.0.1",
      "resolved": "https://registry.npmjs.org/@clr/angular/-/angular-2.0.1.tgz",
      "integrity": "sha512-+N88En2T3MyqnoHML3R49Tvnm+JA3dTSr2oF5SMxCnfjIOGWKcB1d/1bIOah2PztlFYaUBuil1rDrTCwNHIfXg==",
      "requires": {
        "tslib": "^1.9.0"
      }
    },
    "ix-angular-api": {
      "version": "file:../../dist/ix-angular-api",
      "requires": {
        "tslib": "^1.9.0"
      }
    },
    "tslib": {
      "version": "1.10.0",
      "resolved": "https://registry.npmjs.org/tslib/-/tslib-1.10.0.tgz",
      "integrity": "sha512-qOebF53frne81cf0S9B41ByenJ3/IuH8yJKngAX35CmiZySA0khhkovshKK+jGCaMnVomla7gVlIcc3EvKPbTQ=="
    }
  }
}
